
Microsoft Visual Studio Solution File, Format Version 12.00
# Visual Studio Version 16
VisualStudioVersion = 16.0.32106.194
MinimumVisualStudioVersion = 10.0.40219.1
Project("{FAE04EC0-301F-11D3-BF4B-00C04F79EFBC}") = "proyecto", "proyecto\proyecto.csproj", "{5498288C-F01E-46C5-BC5E-6D539F75645E}"
EndProject
Global
	GlobalSection(SolutionConfigurationPlatforms) = preSolution
		Debug|Any CPU = Debug|Any CPU
		Release|Any CPU = Release|Any CPU
	EndGlobalSection
	GlobalSection(ProjectConfigurationPlatforms) = postSolution
		{5498288C-F01E-46C5-BC5E-6D539F75645E}.Debug|Any CPU.ActiveCfg = Debug|Any CPU
		{5498288C-F01E-46C5-BC5E-6D539F75645E}.Debug|Any CPU.Build.0 = Debug|Any CPU
		{5498288C-F01E-46C5-BC5E-6D539F75645E}.Release|Any CPU.ActiveCfg = Release|Any CPU
		{5498288C-F01E-46C5-BC5E-6D539F75645E}.Release|Any CPU.Build.0 = Release|Any CPU
	EndGlobalSection
	GlobalSection(SolutionProperties) = preSolution
		HideSolutionNode = FALSE
	EndGlobalSection
	GlobalSection(ExtensibilityGlobals) = postSolution
		SolutionGuid = {EC9EF455-6FEA-43F2-BF3B-7CAA85E313B2}
	EndGlobalSection
EndGlobal
